// !$*UTF8*$!
{
	archiveVersion = 1;
	classes = {
	};
	objectVersion = 46;
	objects = {

/* Begin PBXBuildFile section */
		8E2A1A9E1ED7B8550089C3C1 /* main.m in Sources */ = {isa = PBXBuildFile; fileRef = 8E2A1A9D1ED7B8550089C3C1 /* main.m */; };
		8E2A1AA11ED7B8550089C3C1 /* AppDelegate.m in Sources */ = {isa = PBXBuildFile; fileRef = 8E2A1AA01ED7B8550089C3C1 /* AppDelegate.m */; };
		8E2A1AA41ED7B8550089C3C1 /* ViewController.m in Sources */ = {isa = PBXBuildFile; fileRef = 8E2A1AA31ED7B8550089C3C1 /* ViewController.m */; };
		8E2A1AA71ED7B8550089C3C1 /* Main.storyboard in Resources */ = {isa = PBXBuildFile; fileRef = 8E2A1AA51ED7B8550089C3C1 /* Main.storyboard */; };
		8E2A1AA91ED7B8550089C3C1 /* Assets.xcassets in Resources */ = {isa = PBXBuildFile; fileRef = 8E2A1AA81ED7B8550089C3C1 /* Assets.xcassets */; };
		8E2A1AAC1ED7B8550089C3C1 /* LaunchScreen.storyboard in Resources */ = {isa = PBXBuildFile; fileRef = 8E2A1AAA1ED7B8550089C3C1 /* LaunchScreen.storyboard */; };
		8E2A1AB51ED7B9A70089C3C1 /* ZBCollectionView.m in Sources */ = {isa = PBXBuildFile; fileRef = 8E2A1AB41ED7B9A70089C3C1 /* ZBCollectionView.m */; };
		8E2A1ABB1ED7BAA50089C3C1 /* ZBFormListView.m in Sources */ = {isa = PBXBuildFile; fileRef = 8E2A1ABA1ED7BAA50089C3C1 /* ZBFormListView.m */; };
		8E2A1ABE1ED7BB290089C3C1 /* ZBCollectionViewLayout.m in Sources */ = {isa = PBXBuildFile; fileRef = 8E2A1ABD1ED7BB290089C3C1 /* ZBCollectionViewLayout.m */; };
		8E2A1AC11ED7BB9A0089C3C1 /* UIView+Frame.m in Sources */ = {isa = PBXBuildFile; fileRef = 8E2A1AC01ED7BB9A0089C3C1 /* UIView+Frame.m */; };
/* End PBXBuildFile section */

/* Begin PBXFileReference section */
		8E2A1A991ED7B8550089C3C1 /* ZBFormList.app */ = {isa = PBXFileReference; explicitFileType = wrapper.application; includeInIndex = 0; path = ZBFormList.app; sourceTree = BUILT_PRODUCTS_DIR; };
		8E2A1A9D1ED7B8550089C3C1 /* main.m */ = {isa = PBXFileReference; lastKnownFileType = sourcecode.c.objc; path = main.m; sourceTree = "<group>"; };
		8E2A1A9F1ED7B8550089C3C1 /* AppDelegate.h */ = {isa = PBXFileReference; lastKnownFileType = sourcecode.c.h; path = AppDelegate.h; sourceTree = "<group>"; };
		8E2A1AA01ED7B8550089C3C1 /* AppDelegate.m */ = {isa = PBXFileReference; lastKnownFileType = sourcecode.c.objc; path = AppDelegate.m; sourceTree = "<group>"; };
		8E2A1AA21ED7B8550089C3C1 /* ViewController.h */ = {isa = PBXFileReference; lastKnownFileType = sourcecode.c.h; path = ViewController.h; sourceTree = "<group>"; };
		8E2A1AA31ED7B8550089C3C1 /* ViewController.m */ = {isa = PBXFileReference; lastKnownFileType = sourcecode.c.objc; path = ViewController.m; sourceTree = "<group>"; };
		8E2A1AA61ED7B8550089C3C1 /* Base */ = {isa = PBXFileReference; lastKnownFileType = file.storyboard; name = Base; path = Base.lproj/Main.storyboard; sourceTree = "<group>"; };
		8E2A1AA81ED7B8550089C3C1 /* Assets.xcassets */ = {isa = PBXFileReference; lastKnownFileType = folder.assetcatalog; path = Assets.xcassets; sourceTree = "<group>"; };
		8E2A1AAB1ED7B8550089C3C1 /* Base */ = {isa = PBXFileReference; lastKnownFileType = file.storyboard; name = Base; path = Base.lproj/LaunchScreen.storyboard; sourceTree = "<group>"; };
		8E2A1AAD1ED7B8560089C3C1 /* Info.plist */ = {isa = PBXFileReference; lastKnownFileType = text.plist.xml; path = Info.plist; sourceTree = "<group>"; };
		8E2A1AB31ED7B9A70089C3C1 /* ZBCollectionView.h */ = {isa = PBXFileReference; fileEncoding = 4; lastKnownFileType = sourcecode.c.h; path = ZBCollectionView.h; sourceTree = "<group>"; };
		8E2A1AB41ED7B9A70089C3C1 /* ZBCollectionView.m */ = {isa = PBXFileReference; fileEncoding = 4; lastKnownFileType = sourcecode.c.objc; path = ZBCollectionView.m; sourceTree = "<group>"; };
		8E2A1AB91ED7BAA50089C3C1 /* ZBFormListView.h */ = {isa = PBXFileReference; fileEncoding = 4; lastKnownFileType = sourcecode.c.h; path = ZBFormListView.h; sourceTree = "<group>"; };
		8E2A1ABA1ED7BAA50089C3C1 /* ZBFormListView.m */ = {isa = PBXFileReference; fileEncoding = 4; lastKnownFileType = sourcecode.c.objc; path = ZBFormListView.m; sourceTree = "<group>"; };
		8E2A1ABC1ED7BB290089C3C1 /* ZBCollectionViewLayout.h */ = {isa = PBXFileReference; fileEncoding = 4; lastKnownFileType = sourcecode.c.h; path = ZBCollectionViewLayout.h; sourceTree = "<group>"; };
		8E2A1ABD1ED7BB290089C3C1 /* ZBCollectionViewLayout.m */ = {isa = PBXFileReference; fileEncoding = 4; lastKnownFileType = sourcecode.c.objc; path = ZBCollectionViewLayout.m; sourceTree = "<group>"; };
		8E2A1ABF1ED7BB9A0089C3C1 /* UIView+Frame.h */ = {isa = PBXFileReference; fileEncoding = 4; lastKnownFileType = sourcecode.c.h; path = "UIView+Frame.h"; sourceTree = "<group>"; };
		8E2A1AC01ED7BB9A0089C3C1 /* UIView+Frame.m */ = {isa = PBXFileReference; fileEncoding = 4; lastKnownFileType = sourcecode.c.objc; path = "UIView+Frame.m"; sourceTree = "<group>"; };
/* End PBXFileReference section */

/* Begin PBXFrameworksBuildPhase section */
		8E2A1A961ED7B8550089C3C1 /* Frameworks */ = {
			isa = PBXFrameworksBuildPhase;
			buildActionMask = 2147483647;
			files = (
			);
			runOnlyForDeploymentPostprocessing = 0;
		};
/* End PBXFrameworksBuildPhase section */

/* Begin PBXGroup section */
		8E2A1A901ED7B8550089C3C1 = {
			isa = PBXGroup;
			children = (
				8E2A1A9B1ED7B8550089C3C1 /* ZBFormList */,
				8E2A1A9A1ED7B8550089C3C1 /* Products */,
			);
			sourceTree = "<group>";
		};
		8E2A1A9A1ED7B8550089C3C1 /* Products */ = {
			isa = PBXGroup;
			children = (
				8E2A1A991ED7B8550089C3C1 /* ZBFormList.app */,
			);
			name = Products;
			sourceTree = "<group>";
		};
		8E2A1A9B1ED7B8550089C3C1 /* ZBFormList */ = {
			isa = PBXGroup;
			children = (
				8E2A1AB31ED7B9A70089C3C1 /* ZBCollectionView.h */,
				8E2A1AB41ED7B9A70089C3C1 /* ZBCollectionView.m */,
				8E2A1AB91ED7BAA50089C3C1 /* ZBFormListView.h */,
				8E2A1ABA1ED7BAA50089C3C1 /* ZBFormListView.m */,
				8E2A1ABC1ED7BB290089C3C1 /* ZBCollectionViewLayout.h */,
				8E2A1ABD1ED7BB290089C3C1 /* ZBCollectionViewLayout.m */,
				8E2A1ABF1ED7BB9A0089C3C1 /* UIView+Frame.h */,
				8E2A1AC01ED7BB9A0089C3C1 /* UIView+Frame.m */,
				8E2A1A9F1ED7B8550089C3C1 /* AppDelegate.h */,
				8E2A1AA01ED7B8550089C3C1 /* AppDelegate.m */,
				8E2A1AA21ED7B8550089C3C1 /* ViewController.h */,
				8E2A1AA31ED7B8550089C3C1 /* ViewController.m */,
				8E2A1AA51ED7B8550089C3C1 /* Main.storyboard */,
				8E2A1AA81ED7B8550089C3C1 /* Assets.xcassets */,
				8E2A1AAA1ED7B8550089C3C1 /* LaunchScreen.storyboard */,
				8E2A1AAD1ED7B8560089C3C1 /* Info.plist */,
				8E2A1A9C1ED7B8550089C3C1 /* Supporting Files */,
			);
			path = ZBFormList;
			sourceTree = "<group>";
		};
		8E2A1A9C1ED7B8550089C3C1 /* Supporting Files */ = {
			isa = PBXGroup;
			children = (
				8E2A1A9D1ED7B8550089C3C1 /* main.m */,
			);
			name = "Supporting Files";
			sourceTree = "<group>";
		};
/* End PBXGroup section */

/* Begin PBXNativeTarget section */
		8E2A1A981ED7B8550089C3C1 /* ZBFormList */ = {
			isa = PBXNativeTarget;
			buildConfigurationList = 8E2A1AB01ED7B8560089C3C1 /* Build configuration list for PBXNativeTarget "ZBFormList" */;
			buildPhases = (
				8E2A1A951ED7B8550089C3C1 /* Sources */,
				8E2A1A961ED7B8550089C3C1 /* Frameworks */,
				8E2A1A971ED7B8550089C3C1 /* Resources */,
			);
			buildRules = (
			);
			dependencies = (
			);
			name = ZBFormList;
			productName = ZBFormList;
			productReference = 8E2A1A991ED7B8550089C3C1 /* ZBFormList.app */;
			productType = "com.apple.product-type.application";
		};
/* End PBXNativeTarget section */

/* Begin PBXProject section */
		8E2A1A911ED7B8550089C3C1 /* Project object */ = {
			isa = PBXProject;
			attributes = {
				LastUpgradeCheck = 0830;
				ORGANIZATIONNAME = "清科";
				TargetAttributes = {
					8E2A1A981ED7B8550089C3C1 = {
						CreatedOnToolsVersion = 8.3.2;
						DevelopmentTeam = 48LJY67UZE;
						ProvisioningStyle = Automatic;
					};
				};
			};
			buildConfigurationList = 8E2A1A941ED7B8550089C3C1 /* Build configuration list for PBXProject "ZBFormList" */;
			compatibilityVersion = "Xcode 3.2";
			developmentRegion = English;
			hasScannedForEncodings = 0;
			knownRegions = (
				en,
				Base,
			);
			mainGroup = 8E2A1A901ED7B8550089C3C1;
			productRefGroup = 8E2A1A9A1ED7B8550089C3C1 /* Products */;
			projectDirPath = "";
			projectRoot = "";
			targets = (
				8E2A1A981ED7B8550089C3C1 /* ZBFormList */,
			);
		};
/* End PBXProject section */

/* Begin PBXResourcesBuildPhase section */
		8E2A1A971ED7B8550089C3C1 /* Resources */ = {
			isa = PBXResourcesBuildPhase;
			buildActionMask = 2147483647;
			files = (
				8E2A1AAC1ED7B8550089C3C1 /* LaunchScreen.storyboard in Resources */,
				8E2A1AA91ED7B8550089C3C1 /* Assets.xcassets in Resources */,
				8E2A1AA71ED7B8550089C3C1 /* Main.storyboard in Resources */,
			);
			runOnlyForDeploymentPostprocessing = 0;
		};
/* End PBXResourcesBuildPhase section */

/* Begin PBXSourcesBuildPhase section */
		8E2A1A951ED7B8550089C3C1 /* Sources */ = {
			isa = PBXSourcesBuildPhase;
			buildActionMask = 2147483647;
			files = (
				8E2A1ABB1ED7BAA50089C3C1 /* ZBFormListView.m in Sources */,
				8E2A1AB51ED7B9A70089C3C1 /* ZBCollectionView.m in Sources */,
				8E2A1AA41ED7B8550089C3C1 /* ViewController.m in Sources */,
				8E2A1AC11ED7BB9A0089C3C1 /* UIView+Frame.m in Sources */,
				8E2A1AA11ED7B8550089C3C1 /* AppDelegate.m in Sources */,
				8E2A1ABE1ED7BB290089C3C1 /* ZBCollectionViewLayout.m in Sources */,
				8E2A1A9E1ED7B8550089C3C1 /* main.m in Sources */,
			);
			runOnlyForDeploymentPostprocessing = 0;
		};
/* End PBXSourcesBuildPhase section */

/* Begin PBXVariantGroup section */
		8E2A1AA51ED7B8550089C3C1 /* Main.storyboard */ = {
			isa = PBXVariantGroup;
			children = (
				8E2A1AA61ED7B8550089C3C1 /* Base */,
			);
			name = Main.storyboard;
			sourceTree = "<group>";
		};
		8E2A1AAA1ED7B8550089C3C1 /* LaunchScreen.storyboard */ = {
			isa = PBXVariantGroup;
			children = (
				8E2A1AAB1ED7B8550089C3C1 /* Base */,
			);
			name = LaunchScreen.storyboard;
			sourceTree = "<group>";
		};
/* End PBXVariantGroup section */

/* Begin XCBuildConfiguration section */
		8E2A1AAE1ED7B8560089C3C1 /* Debug */ = {
			isa = XCBuildConfiguration;
			buildSettings = {
				ALWAYS_SEARCH_USER_PATHS = NO;
				CLANG_ANALYZER_NONNULL = YES;
				CLANG_ANALYZER_NUMBER_OBJECT_CONVERSION = YES_AGGRESSIVE;
				CLANG_CXX_LANGUAGE_STANDARD = "gnu++0x";
				CLANG_CXX_LIBRARY = "libc++";
				CLANG_ENABLE_MODULES = YES;
				CLANG_ENABLE_OBJC_ARC = YES;
				CLANG_WARN_BOOL_CONVERSION = YES;
				CLANG_WARN_CONSTANT_CONVERSION = YES;
				CLANG_WARN_DIRECT_OBJC_ISA_USAGE = YES_ERROR;
				CLANG_WARN_DOCUMENTATION_COMMENTS = YES;
				CLANG_WARN_EMPTY_BODY = YES;
				CLANG_WARN_ENUM_CONVERSION = YES;
				CLANG_WARN_INFINITE_RECURSION = YES;
				CLANG_WARN_INT_CONVERSION = YES;
				CLANG_WARN_OBJC_ROOT_CLASS = YES_ERROR;
				CLANG_WARN_SUSPICIOUS_MOVE = YES;
				CLANG_WARN_UNREACHABLE_CODE = YES;
				CLANG_WARN__DUPLICATE_METHOD_MATCH = YES;
				"CODE_SIGN_IDENTITY[sdk=iphoneos*]" = "iPhone Developer";
				COPY_PHASE_STRIP = NO;
				DEBUG_INFORMATION_FORMAT = dwarf;
				ENABLE_STRICT_OBJC_MSGSEND = YES;
				ENABLE_TESTABILITY = YES;
				GCC_C_LANGUAGE_STANDARD = gnu99;
				GCC_DYNAMIC_NO_PIC = NO;
				GCC_NO_COMMON_BLOCKS = YES;
				GCC_OPTIMIZATION_LEVEL = 0;
				GCC_PREPROCESSOR_DEFINITIONS = (
					"DEBUG=1",
					"$(inherited)",
				);
				GCC_WARN_64_TO_32_BIT_CONVERSION = YES;
				GCC_WARN_ABOUT_RETURN_TYPE = YES_ERROR;
				GCC_WARN_UNDECLARED_SELECTOR = YES;
				GCC_WARN_UNINITIALIZED_AUTOS = YES_AGGRESSIVE;
				GCC_WARN_UNUSED_FUNCTION = YES;
				GCC_WARN_UNUSED_VARIABLE = YES;
				IPHONEOS_DEPLOYMENT_TARGET = 10.3;
				MTL_ENABLE_DEBUG_INFO = YES;
				ONLY_ACTIVE_ARCH = YES;
				SDKROOT = iphoneos;
			};
			name = Debug;
		};
		8E2A1AAF1ED7B8560089C3C1 /* Release */ = {
			isa = XCBuildConfiguration;
			buildSettings = {
				ALWAYS_SEARCH_USER_PATHS = NO;
				CLANG_ANALYZER_NONNULL = YES;
				CLANG_ANALYZER_NUMBER_OBJECT_CONVERSION = YES_AGGRESSIVE;
				CLANG_CXX_LANGUAGE_STANDARD = "gnu++0x";
				CLANG_CXX_LIBRARY = "libc++";
				CLANG_ENABLE_MODULES = YES;
				CLANG_ENABLE_OBJC_ARC = YES;
				CLANG_WARN_BOOL_CONVERSION = YES;
				CLANG_WARN_CONSTANT_CONVERSION = YES;
				CLANG_WARN_DIRECT_OBJC_ISA_USAGE = YES_ERROR;
				CLANG_WARN_DOCUMENTATION_COMMENTS = YES;
				CLANG_WARN_EMPTY_BODY = YES;
				CLANG_WARN_ENUM_CONVERSION = YES;
				CLANG_WARN_INFINITE_RECURSION = YES;
				CLANG_WARN_INT_CONVERSION = YES;
				CLANG_WARN_OBJC_ROOT_CLASS = YES_ERROR;
				CLANG_WARN_SUSPICIOUS_MOVE = YES;
				CLANG_WARN_UNREACHABLE_CODE = YES;
				CLANG_WARN__DUPLICATE_METHOD_MATCH = YES;
				"CODE_SIGN_IDENTITY[sdk=iphoneos*]" = "iPhone Developer";
				COPY_PHASE_STRIP = NO;
				DEBUG_INFORMATION_FORMAT = "dwarf-with-dsym";
				ENABLE_NS_ASSERTIONS = NO;
				ENABLE_STRICT_OBJC_MSGSEND = YES;
				GCC_C_LANGUAGE_STANDARD = gnu99;
				GCC_NO_COMMON_BLOCKS = YES;
				GCC_WARN_64_TO_32_BIT_CONVERSION = YES;
				GCC_WARN_ABOUT_RETURN_TYPE = YES_ERROR;
				GCC_WARN_UNDECLARED_SELECTOR = YES;
				GCC_WARN_UNINITIALIZED_AUTOS = YES_AGGRESSIVE;
				GCC_WARN_UNUSED_FUNCTION = YES;
				GCC_WARN_UNUSED_VARIABLE = YES;
				IPHONEOS_DEPLOYMENT_TARGET = 10.3;
				MTL_ENABLE_DEBUG_INFO = NO;
				SDKROOT = iphoneos;
				VALIDATE_PRODUCT = YES;
			};
			name = Release;
		};
		8E2A1AB11ED7B8560089C3C1 /* Debug */ = {
			isa = XCBuildConfiguration;
			buildSettings = {
				ASSETCATALOG_COMPILER_APPICON_NAME = AppIcon;
				DEVELOPMENT_TEAM = 48LJY67UZE;
				INFOPLIST_FILE = ZBFormList/Info.plist;
				LD_RUNPATH_SEARCH_PATHS = "$(inherited) @executable_path/Frameworks";
				PRODUCT_BUNDLE_IDENTIFIER = co.wecity.ZBFormList;
				PRODUCT_NAME = "$(TARGET_NAME)";
			};
			name = Debug;
		};
		8E2A1AB21ED7B8560089C3C1 /* Release */ = {
			isa = XCBuildConfiguration;
			buildSettings = {
				ASSETCATALOG_COMPILER_APPICON_NAME = AppIcon;
				DEVELOPMENT_TEAM = 48LJY67UZE;
				INFOPLIST_FILE = ZBFormList/Info.plist;
				LD_RUNPATH_SEARCH_PATHS = "$(inherited) @executable_path/Frameworks";
				PRODUCT_BUNDLE_IDENTIFIER = co.wecity.ZBFormList;
				PRODUCT_NAME = "$(TARGET_NAME)";
			};
			name = Release;
		};
/* End XCBuildConfiguration section */

/* Begin XCConfigurationList section */
		8E2A1A941ED7B8550089C3C1 /* Build configuration list for PBXProject "ZBFormList" */ = {
			isa = XCConfigurationList;
			buildConfigurations = (
				8E2A1AAE1ED7B8560089C3C1 /* Debug */,
				8E2A1AAF1ED7B8560089C3C1 /* Release */,
			);
			defaultConfigurationIsVisible = 0;
			defaultConfigurationName = Release;
		};
		8E2A1AB01ED7B8560089C3C1 /* Build configuration list for PBXNativeTarget "ZBFormList" */ = {
			isa = XCConfigurationList;
			buildConfigurations = (
				8E2A1AB11ED7B8560089C3C1 /* Debug */,
				8E2A1AB21ED7B8560089C3C1 /* Release */,
			);
			defaultConfigurationIsVisible = 0;
		};
/* End XCConfigurationList section */
	};
	rootObject = 8E2A1A911ED7B8550089C3C1 /* Project object */;
}
